# This file is automatically @generated by Cargo.
# It is not intended for manual editing.
version = 4

[[package]]
name = "rzip-browser"
version = "0.1.0"

[[package]]
name = "rzip-cli"
version = "0.1.0"

[[package]]
name = "rzip-core"
version = "0.1.0"

[[package]]
name = "rzip-mobile"
version = "0.1.0"

[[package]]
name = "rzip-network"
version = "0.1.0"

[[package]]
name = "rzip-storage"
version = "0.1.0"

[[package]]
name = "rzip-verifiable"
version = "0.1.0"
